
Microsoft Visual Studio Solution File, Format Version 12.00
# Visual Studio Version 17
VisualStudioVersion = 17.0.32112.339
MinimumVisualStudioVersion = 10.0.40219.1
Project("{FAE04EC0-301F-11D3-BF4B-00C04F79EFBC}") = "RazorPagesMovie", "RazorPagesMovie\RazorPagesMovie.csproj", "{AD8BC54C-9FA0-46FF-8958-A463440AB1E2}"
EndProject
Global
	GlobalSection(SolutionConfigurationPlatforms) = preSolution
		Debug|Any CPU = Debug|Any CPU
		Release|Any CPU = Release|Any CPU
	EndGlobalSection
	GlobalSection(ProjectConfigurationPlatforms) = postSolution
		{AD8BC54C-9FA0-46FF-8958-A463440AB1E2}.Debug|Any CPU.ActiveCfg = Debug|Any CPU
		{AD8BC54C-9FA0-46FF-8958-A463440AB1E2}.Debug|Any CPU.Build.0 = Debug|Any CPU
		{AD8BC54C-9FA0-46FF-8958-A463440AB1E2}.Release|Any CPU.ActiveCfg = Release|Any CPU
		{AD8BC54C-9FA0-46FF-8958-A463440AB1E2}.Release|Any CPU.Build.0 = Release|Any CPU
	EndGlobalSection
	GlobalSection(SolutionProperties) = preSolution
		HideSolutionNode = FALSE
	EndGlobalSection
	GlobalSection(ExtensibilityGlobals) = postSolution
		SolutionGuid = {668E0F99-F27D-4658-8C50-EBC6B211D60B}
	EndGlobalSection
EndGlobal
